// !$*UTF8*$!
{
	archiveVersion = 1;
	classes = {
	};
	objectVersion = 50;
	objects = {

/* Begin PBXBuildFile section */
		03A56994F4374F5C229EEC15 /* libPods-MQTTChat.a in Frameworks */ = {isa = PBXBuildFile; fileRef = DD8B9B3DB83D269C9C0E6CFE /* libPods-MQTTChat.a */; };
		1825356D217C738F00816F93 /* IMModel.m in Sources */ = {isa = PBXBuildFile; fileRef = 1825356C217C738F00816F93 /* IMModel.m */; };
		18253575217C839100816F93 /* IMVoiceModel.m in Sources */ = {isa = PBXBuildFile; fileRef = 18253574217C839100816F93 /* IMVoiceModel.m */; };
		18253578217D481400816F93 /* IMImageModel.m in Sources */ = {isa = PBXBuildFile; fileRef = 18253577217D481400816F93 /* IMImageModel.m */; };
		C020A01C217F1C7F00497258 /* IMNotificationManager.m in Sources */ = {isa = PBXBuildFile; fileRef = C020A01B217F1C7F00497258 /* IMNotificationManager.m */; };
		C020A032217F24B500497258 /* ChatFilesManager.m in Sources */ = {isa = PBXBuildFile; fileRef = C020A02D217F24B500497258 /* ChatFilesManager.m */; };
		C020A033217F24B500497258 /* ChatFMDBBase.m in Sources */ = {isa = PBXBuildFile; fileRef = C020A02F217F24B500497258 /* ChatFMDBBase.m */; };
		C020A034217F24B500497258 /* ChatDBTool.m in Sources */ = {isa = PBXBuildFile; fileRef = C020A031217F24B500497258 /* ChatDBTool.m */; };
		C05D02322179C89100876E54 /* IMPresentationController.m in Sources */ = {isa = PBXBuildFile; fileRef = C05D02312179C89100876E54 /* IMPresentationController.m */; };
		C05D02352179CF0A00876E54 /* LCMethod.m in Sources */ = {isa = PBXBuildFile; fileRef = C05D02342179CF0A00876E54 /* LCMethod.m */; };
		C05D02382179DDAB00876E54 /* IMFriendManager.m in Sources */ = {isa = PBXBuildFile; fileRef = C05D02372179DDAB00876E54 /* IMFriendManager.m */; };
		C05D023B2179DEC400876E54 /* IMSDKManager.m in Sources */ = {isa = PBXBuildFile; fileRef = C05D023A2179DEC400876E54 /* IMSDKManager.m */; };
		C05D0240217D6BB400876E54 /* IMVideoModel.m in Sources */ = {isa = PBXBuildFile; fileRef = C05D023F217D6BB400876E54 /* IMVideoModel.m */; };
		C05D0243217D6BFE00876E54 /* IMThumbnailModel.m in Sources */ = {isa = PBXBuildFile; fileRef = C05D0242217D6BFE00876E54 /* IMThumbnailModel.m */; };
		C05D0246217D6ED400876E54 /* IMFileModel.m in Sources */ = {isa = PBXBuildFile; fileRef = C05D0245217D6ED400876E54 /* IMFileModel.m */; };
		C05D0249217D70BD00876E54 /* IMInlineImageModel.m in Sources */ = {isa = PBXBuildFile; fileRef = C05D0248217D70BD00876E54 /* IMInlineImageModel.m */; };
		C05D024C217D713400876E54 /* IMLocationModel.m in Sources */ = {isa = PBXBuildFile; fileRef = C05D024B217D713400876E54 /* IMLocationModel.m */; };
		C05D0252217D765100876E54 /* IMLiveModel.m in Sources */ = {isa = PBXBuildFile; fileRef = C05D0251217D765100876E54 /* IMLiveModel.m */; };
		C05D0255217D7FB700876E54 /* IMNotificationModel.m in Sources */ = {isa = PBXBuildFile; fileRef = C05D0254217D7FB700876E54 /* IMNotificationModel.m */; };
		C05D025E217D808700876E54 /* IMDirectiveModel.m in Sources */ = {isa = PBXBuildFile; fileRef = C05D025D217D808700876E54 /* IMDirectiveModel.m */; };
		C05D0261217DA68000876E54 /* IMNavigationModel.m in Sources */ = {isa = PBXBuildFile; fileRef = C05D0260217DA68000876E54 /* IMNavigationModel.m */; };
		C05D0264217DAEF600876E54 /* IMMediaModel.m in Sources */ = {isa = PBXBuildFile; fileRef = C05D0263217DAEF600876E54 /* IMMediaModel.m */; };
		C05D0267217DB37B00876E54 /* IMSIPModel.m in Sources */ = {isa = PBXBuildFile; fileRef = C05D0266217DB37B00876E54 /* IMSIPModel.m */; };
		C05D026A217DB39E00876E54 /* IMAgoraModel.m in Sources */ = {isa = PBXBuildFile; fileRef = C05D0269217DB39E00876E54 /* IMAgoraModel.m */; };
		C05D026F217DBF1D00876E54 /* IMTalkbackModel.m in Sources */ = {isa = PBXBuildFile; fileRef = C05D026E217DBF1D00876E54 /* IMTalkbackModel.m */; };
		C05D0272217DC02500876E54 /* IMAVModel.m in Sources */ = {isa = PBXBuildFile; fileRef = C05D0271217DC02500876E54 /* IMAVModel.m */; };
		C05D0275217DC22200876E54 /* IMDrawBoardModel.m in Sources */ = {isa = PBXBuildFile; fileRef = C05D0274217DC22200876E54 /* IMDrawBoardModel.m */; };
		C0BA6F29216C9CB50097D28C /* IMLoginViewController.m in Sources */ = {isa = PBXBuildFile; fileRef = C0BA6F27216C9CB50097D28C /* IMLoginViewController.m */; };
		C0BA6F2A216C9CB50097D28C /* IMLoginViewController.xib in Resources */ = {isa = PBXBuildFile; fileRef = C0BA6F28216C9CB50097D28C /* IMLoginViewController.xib */; };
		C0BA6F2E216C9F9B0097D28C /* IMAccountViewController.m in Sources */ = {isa = PBXBuildFile; fileRef = C0BA6F2D216C9F9B0097D28C /* IMAccountViewController.m */; };
		C0BA6F31216CA1510097D28C /* LCView.m in Sources */ = {isa = PBXBuildFile; fileRef = C0BA6F2F216CA1510097D28C /* LCView.m */; };
		C0BA6F36216CA1780097D28C /* UIBarButtonItem+Block.m in Sources */ = {isa = PBXBuildFile; fileRef = C0BA6F32216CA1770097D28C /* UIBarButtonItem+Block.m */; };
		C0BA6F37216CA1780097D28C /* UIControl+Block.m in Sources */ = {isa = PBXBuildFile; fileRef = C0BA6F34216CA1780097D28C /* UIControl+Block.m */; };
		C0BA6F3C216CA3110097D28C /* IMAccountModel.m in Sources */ = {isa = PBXBuildFile; fileRef = C0BA6F3B216CA3110097D28C /* IMAccountModel.m */; };
		C0BA6F40216CA5C00097D28C /* IMMQTTManager.m in Sources */ = {isa = PBXBuildFile; fileRef = C0BA6F3F216CA5C00097D28C /* IMMQTTManager.m */; };
		C0BA6F45216CAC7A0097D28C /* IMTools.m in Sources */ = {isa = PBXBuildFile; fileRef = C0BA6F44216CAC7A0097D28C /* IMTools.m */; };
		C0BA6F48216DE04C0097D28C /* IMBaseManager.m in Sources */ = {isa = PBXBuildFile; fileRef = C0BA6F47216DE04C0097D28C /* IMBaseManager.m */; };
		C0BA6F5E216DF0610097D28C /* IMConversationManager.m in Sources */ = {isa = PBXBuildFile; fileRef = C0BA6F5D216DF0610097D28C /* IMConversationManager.m */; };
		C0BA6F61216DF0700097D28C /* IMGroupManager.m in Sources */ = {isa = PBXBuildFile; fileRef = C0BA6F60216DF0700097D28C /* IMGroupManager.m */; };
		C0BA6F64216DF0FE0097D28C /* IMChatManager.m in Sources */ = {isa = PBXBuildFile; fileRef = C0BA6F63216DF0FE0097D28C /* IMChatManager.m */; };
		C0BA6F6A216DF1210097D28C /* IMSourceManager.m in Sources */ = {isa = PBXBuildFile; fileRef = C0BA6F69216DF1210097D28C /* IMSourceManager.m */; };
		C0BA6F71216DF28E0097D28C /* IMUserModel.m in Sources */ = {isa = PBXBuildFile; fileRef = C0BA6F70216DF28E0097D28C /* IMUserModel.m */; };
		C0BA6F74216DF69B0097D28C /* IMChatModel.m in Sources */ = {isa = PBXBuildFile; fileRef = C0BA6F73216DF69B0097D28C /* IMChatModel.m */; };
		C0BA6F77216DF9A30097D28C /* IMChatContentModel.m in Sources */ = {isa = PBXBuildFile; fileRef = C0BA6F76216DF9A30097D28C /* IMChatContentModel.m */; };
		C0BA6F7A216DFFC30097D28C /* IMGroupModel.m in Sources */ = {isa = PBXBuildFile; fileRef = C0BA6F79216DFFC30097D28C /* IMGroupModel.m */; };
		C0BA6F7F216F30920097D28C /* IMFMDBManager.m in Sources */ = {isa = PBXBuildFile; fileRef = C0BA6F7E216F30920097D28C /* IMFMDBManager.m */; };
		C0E4938D215CC8CF0089BABE /* AppDelegate.m in Sources */ = {isa = PBXBuildFile; fileRef = C0E4938C215CC8CF0089BABE /* AppDelegate.m */; };
		C0E49393215CC8CF0089BABE /* Main.storyboard in Resources */ = {isa = PBXBuildFile; fileRef = C0E49391215CC8CF0089BABE /* Main.storyboard */; };
		C0E49395215CC8D00089BABE /* Assets.xcassets in Resources */ = {isa = PBXBuildFile; fileRef = C0E49394215CC8D00089BABE /* Assets.xcassets */; };
		C0E49398215CC8D00089BABE /* LaunchScreen.storyboard in Resources */ = {isa = PBXBuildFile; fileRef = C0E49396215CC8D00089BABE /* LaunchScreen.storyboard */; };
		C0E4939B215CC8D00089BABE /* main.m in Sources */ = {isa = PBXBuildFile; fileRef = C0E4939A215CC8D00089BABE /* main.m */; };
		C0E493D2215CCB360089BABE /* LCTabBarController.m in Sources */ = {isa = PBXBuildFile; fileRef = C0E493D1215CCB360089BABE /* LCTabBarController.m */; };
		C0E493D5215CCB5A0089BABE /* LCNavigationController.m in Sources */ = {isa = PBXBuildFile; fileRef = C0E493D4215CCB5A0089BABE /* LCNavigationController.m */; };
		C0E493D8215CCBE00089BABE /* IMChatListViewController.m in Sources */ = {isa = PBXBuildFile; fileRef = C0E493D7215CCBE00089BABE /* IMChatListViewController.m */; };
		C0E493EB215E0FC00089BABE /* IMContactsViewController.m in Sources */ = {isa = PBXBuildFile; fileRef = C0E493EA215E0FC00089BABE /* IMContactsViewController.m */; };
		C0E493EE215E0FCD0089BABE /* IMDiscoverViewController.m in Sources */ = {isa = PBXBuildFile; fileRef = C0E493ED215E0FCD0089BABE /* IMDiscoverViewController.m */; };
		C0E493F1215E0FD70089BABE /* IMMeViewController.m in Sources */ = {isa = PBXBuildFile; fileRef = C0E493F0215E0FD70089BABE /* IMMeViewController.m */; };
		C0E493F4215E10990089BABE /* LCBaseViewController.m in Sources */ = {isa = PBXBuildFile; fileRef = C0E493F3215E10990089BABE /* LCBaseViewController.m */; };
		C0E493F7215E11DC0089BABE /* UIView+LCLayout.m in Sources */ = {isa = PBXBuildFile; fileRef = C0E493F6215E11DC0089BABE /* UIView+LCLayout.m */; };
		C0E493FB215E27700089BABE /* FMDBBase.m in Sources */ = {isa = PBXBuildFile; fileRef = C0E493FA215E27700089BABE /* FMDBBase.m */; };
		C0E493FE215E28720089BABE /* NSString+LC.m in Sources */ = {isa = PBXBuildFile; fileRef = C0E493FD215E28720089BABE /* NSString+LC.m */; };
/* End PBXBuildFile section */

/* Begin PBXFileReference section */
		1825356B217C738F00816F93 /* IMModel.h */ = {isa = PBXFileReference; lastKnownFileType = sourcecode.c.h; path = IMModel.h; sourceTree = "<group>"; };
		1825356C217C738F00816F93 /* IMModel.m */ = {isa = PBXFileReference; lastKnownFileType = sourcecode.c.objc; path = IMModel.m; sourceTree = "<group>"; };
		18253573217C839100816F93 /* IMVoiceModel.h */ = {isa = PBXFileReference; lastKnownFileType = sourcecode.c.h; path = IMVoiceModel.h; sourceTree = "<group>"; };
		18253574217C839100816F93 /* IMVoiceModel.m */ = {isa = PBXFileReference; lastKnownFileType = sourcecode.c.objc; path = IMVoiceModel.m; sourceTree = "<group>"; };
		18253576217D481400816F93 /* IMImageModel.h */ = {isa = PBXFileReference; lastKnownFileType = sourcecode.c.h; path = IMImageModel.h; sourceTree = "<group>"; };
		18253577217D481400816F93 /* IMImageModel.m */ = {isa = PBXFileReference; lastKnownFileType = sourcecode.c.objc; path = IMImageModel.m; sourceTree = "<group>"; };
		C020A01A217F1C7F00497258 /* IMNotificationManager.h */ = {isa = PBXFileReference; lastKnownFileType = sourcecode.c.h; path = IMNotificationManager.h; sourceTree = "<group>"; };
		C020A01B217F1C7F00497258 /* IMNotificationManager.m */ = {isa = PBXFileReference; lastKnownFileType = sourcecode.c.objc; path = IMNotificationManager.m; sourceTree = "<group>"; };
		C020A02B217F24B500497258 /* ChatFMDBBase.h */ = {isa = PBXFileReference; fileEncoding = 4; lastKnownFileType = sourcecode.c.h; path = ChatFMDBBase.h; sourceTree = "<group>"; };
		C020A02C217F24B500497258 /* ChatFileConfig.h */ = {isa = PBXFileReference; fileEncoding = 4; lastKnownFileType = sourcecode.c.h; path = ChatFileConfig.h; sourceTree = "<group>"; };
		C020A02D217F24B500497258 /* ChatFilesManager.m */ = {isa = PBXFileReference; fileEncoding = 4; lastKnownFileType = sourcecode.c.objc; path = ChatFilesManager.m; sourceTree = "<group>"; };
		C020A02E217F24B500497258 /* ChatDBTool.h */ = {isa = PBXFileReference; fileEncoding = 4; lastKnownFileType = sourcecode.c.h; path = ChatDBTool.h; sourceTree = "<group>"; };
		C020A02F217F24B500497258 /* ChatFMDBBase.m */ = {isa = PBXFileReference; fileEncoding = 4; lastKnownFileType = sourcecode.c.objc; path = ChatFMDBBase.m; sourceTree = "<group>"; };
		C020A030217F24B500497258 /* ChatFilesManager.h */ = {isa = PBXFileReference; fileEncoding = 4; lastKnownFileType = sourcecode.c.h; path = ChatFilesManager.h; sourceTree = "<group>"; };
		C020A031217F24B500497258 /* ChatDBTool.m */ = {isa = PBXFileReference; fileEncoding = 4; lastKnownFileType = sourcecode.c.objc; path = ChatDBTool.m; sourceTree = "<group>"; };
		C05D02302179C89100876E54 /* IMPresentationController.h */ = {isa = PBXFileReference; lastKnownFileType = sourcecode.c.h; path = IMPresentationController.h; sourceTree = "<group>"; };
		C05D02312179C89100876E54 /* IMPresentationController.m */ = {isa = PBXFileReference; lastKnownFileType = sourcecode.c.objc; path = IMPresentationController.m; sourceTree = "<group>"; };
		C05D02332179CF0A00876E54 /* LCMethod.h */ = {isa = PBXFileReference; lastKnownFileType = sourcecode.c.h; path = LCMethod.h; sourceTree = "<group>"; };
		C05D02342179CF0A00876E54 /* LCMethod.m */ = {isa = PBXFileReference; lastKnownFileType = sourcecode.c.objc; path = LCMethod.m; sourceTree = "<group>"; };
		C05D02362179DDAB00876E54 /* IMFriendManager.h */ = {isa = PBXFileReference; lastKnownFileType = sourcecode.c.h; path = IMFriendManager.h; sourceTree = "<group>"; };
		C05D02372179DDAB00876E54 /* IMFriendManager.m */ = {isa = PBXFileReference; lastKnownFileType = sourcecode.c.objc; path = IMFriendManager.m; sourceTree = "<group>"; };
		C05D02392179DEC400876E54 /* IMSDKManager.h */ = {isa = PBXFileReference; lastKnownFileType = sourcecode.c.h; path = IMSDKManager.h; sourceTree = "<group>"; };
		C05D023A2179DEC400876E54 /* IMSDKManager.m */ = {isa = PBXFileReference; lastKnownFileType = sourcecode.c.objc; path = IMSDKManager.m; sourceTree = "<group>"; };
		C05D023E217D6BB400876E54 /* IMVideoModel.h */ = {isa = PBXFileReference; lastKnownFileType = sourcecode.c.h; path = IMVideoModel.h; sourceTree = "<group>"; };
		C05D023F217D6BB400876E54 /* IMVideoModel.m */ = {isa = PBXFileReference; lastKnownFileType = sourcecode.c.objc; path = IMVideoModel.m; sourceTree = "<group>"; };
		C05D0241217D6BFE00876E54 /* IMThumbnailModel.h */ = {isa = PBXFileReference; lastKnownFileType = sourcecode.c.h; path = IMThumbnailModel.h; sourceTree = "<group>"; };
		C05D0242217D6BFE00876E54 /* IMThumbnailModel.m */ = {isa = PBXFileReference; lastKnownFileType = sourcecode.c.objc; path = IMThumbnailModel.m; sourceTree = "<group>"; };
		C05D0244217D6ED400876E54 /* IMFileModel.h */ = {isa = PBXFileReference; lastKnownFileType = sourcecode.c.h; path = IMFileModel.h; sourceTree = "<group>"; };
		C05D0245217D6ED400876E54 /* IMFileModel.m */ = {isa = PBXFileReference; lastKnownFileType = sourcecode.c.objc; path = IMFileModel.m; sourceTree = "<group>"; };
		C05D0247217D70BD00876E54 /* IMInlineImageModel.h */ = {isa = PBXFileReference; lastKnownFileType = sourcecode.c.h; path = IMInlineImageModel.h; sourceTree = "<group>"; };
		C05D0248217D70BD00876E54 /* IMInlineImageModel.m */ = {isa = PBXFileReference; lastKnownFileType = sourcecode.c.objc; path = IMInlineImageModel.m; sourceTree = "<group>"; };
		C05D024A217D713400876E54 /* IMLocationModel.h */ = {isa = PBXFileReference; lastKnownFileType = sourcecode.c.h; path = IMLocationModel.h; sourceTree = "<group>"; };
		C05D024B217D713400876E54 /* IMLocationModel.m */ = {isa = PBXFileReference; lastKnownFileType = sourcecode.c.objc; path = IMLocationModel.m; sourceTree = "<group>"; };
		C05D0250217D765100876E54 /* IMLiveModel.h */ = {isa = PBXFileReference; lastKnownFileType = sourcecode.c.h; path = IMLiveModel.h; sourceTree = "<group>"; };
		C05D0251217D765100876E54 /* IMLiveModel.m */ = {isa = PBXFileReference; lastKnownFileType = sourcecode.c.objc; path = IMLiveModel.m; sourceTree = "<group>"; };
		C05D0253217D7FB700876E54 /* IMNotificationModel.h */ = {isa = PBXFileReference; lastKnownFileType = sourcecode.c.h; path = IMNotificationModel.h; sourceTree = "<group>"; };
		C05D0254217D7FB700876E54 /* IMNotificationModel.m */ = {isa = PBXFileReference; lastKnownFileType = sourcecode.c.objc; path = IMNotificationModel.m; sourceTree = "<group>"; };
		C05D025C217D808700876E54 /* IMDirectiveModel.h */ = {isa = PBXFileReference; lastKnownFileType = sourcecode.c.h; path = IMDirectiveModel.h; sourceTree = "<group>"; };
		C05D025D217D808700876E54 /* IMDirectiveModel.m */ = {isa = PBXFileReference; lastKnownFileType = sourcecode.c.objc; path = IMDirectiveModel.m; sourceTree = "<group>"; };
		C05D025F217DA68000876E54 /* IMNavigationModel.h */ = {isa = PBXFileReference; lastKnownFileType = sourcecode.c.h; path = IMNavigationModel.h; sourceTree = "<group>"; };
		C05D0260217DA68000876E54 /* IMNavigationModel.m */ = {isa = PBXFileReference; lastKnownFileType = sourcecode.c.objc; path = IMNavigationModel.m; sourceTree = "<group>"; };
		C05D0262217DAEF600876E54 /* IMMediaModel.h */ = {isa = PBXFileReference; lastKnownFileType = sourcecode.c.h; path = IMMediaModel.h; sourceTree = "<group>"; };
		C05D0263217DAEF600876E54 /* IMMediaModel.m */ = {isa = PBXFileReference; lastKnownFileType = sourcecode.c.objc; path = IMMediaModel.m; sourceTree = "<group>"; };
		C05D0265217DB37B00876E54 /* IMSIPModel.h */ = {isa = PBXFileReference; lastKnownFileType = sourcecode.c.h; path = IMSIPModel.h; sourceTree = "<group>"; };
		C05D0266217DB37B00876E54 /* IMSIPModel.m */ = {isa = PBXFileReference; lastKnownFileType = sourcecode.c.objc; path = IMSIPModel.m; sourceTree = "<group>"; };
		C05D0268217DB39D00876E54 /* IMAgoraModel.h */ = {isa = PBXFileReference; lastKnownFileType = sourcecode.c.h; path = IMAgoraModel.h; sourceTree = "<group>"; };
		C05D0269217DB39E00876E54 /* IMAgoraModel.m */ = {isa = PBXFileReference; lastKnownFileType = sourcecode.c.objc; path = IMAgoraModel.m; sourceTree = "<group>"; };
		C05D026D217DBF1D00876E54 /* IMTalkbackModel.h */ = {isa = PBXFileReference; lastKnownFileType = sourcecode.c.h; path = IMTalkbackModel.h; sourceTree = "<group>"; };
		C05D026E217DBF1D00876E54 /* IMTalkbackModel.m */ = {isa = PBXFileReference; lastKnownFileType = sourcecode.c.objc; path = IMTalkbackModel.m; sourceTree = "<group>"; };
		C05D0270217DC02500876E54 /* IMAVModel.h */ = {isa = PBXFileReference; lastKnownFileType = sourcecode.c.h; path = IMAVModel.h; sourceTree = "<group>"; };
		C05D0271217DC02500876E54 /* IMAVModel.m */ = {isa = PBXFileReference; lastKnownFileType = sourcecode.c.objc; path = IMAVModel.m; sourceTree = "<group>"; };
		C05D0273217DC22200876E54 /* IMDrawBoardModel.h */ = {isa = PBXFileReference; lastKnownFileType = sourcecode.c.h; path = IMDrawBoardModel.h; sourceTree = "<group>"; };
		C05D0274217DC22200876E54 /* IMDrawBoardModel.m */ = {isa = PBXFileReference; lastKnownFileType = sourcecode.c.objc; path = IMDrawBoardModel.m; sourceTree = "<group>"; };
		C0BA6F26216C9CB50097D28C /* IMLoginViewController.h */ = {isa = PBXFileReference; lastKnownFileType = sourcecode.c.h; path = IMLoginViewController.h; sourceTree = "<group>"; };
		C0BA6F27216C9CB50097D28C /* IMLoginViewController.m */ = {isa = PBXFileReference; lastKnownFileType = sourcecode.c.objc; path = IMLoginViewController.m; sourceTree = "<group>"; };
		C0BA6F28216C9CB50097D28C /* IMLoginViewController.xib */ = {isa = PBXFileReference; lastKnownFileType = file.xib; path = IMLoginViewController.xib; sourceTree = "<group>"; };
		C0BA6F2C216C9F9B0097D28C /* IMAccountViewController.h */ = {isa = PBXFileReference; lastKnownFileType = sourcecode.c.h; path = IMAccountViewController.h; sourceTree = "<group>"; };
		C0BA6F2D216C9F9B0097D28C /* IMAccountViewController.m */ = {isa = PBXFileReference; lastKnownFileType = sourcecode.c.objc; path = IMAccountViewController.m; sourceTree = "<group>"; };
		C0BA6F2F216CA1510097D28C /* LCView.m */ = {isa = PBXFileReference; fileEncoding = 4; lastKnownFileType = sourcecode.c.objc; path = LCView.m; sourceTree = "<group>"; };
		C0BA6F30216CA1510097D28C /* LCView.h */ = {isa = PBXFileReference; fileEncoding = 4; lastKnownFileType = sourcecode.c.h; path = LCView.h; sourceTree = "<group>"; };
		C0BA6F32216CA1770097D28C /* UIBarButtonItem+Block.m */ = {isa = PBXFileReference; fileEncoding = 4; lastKnownFileType = sourcecode.c.objc; path = "UIBarButtonItem+Block.m"; sourceTree = "<group>"; };
		C0BA6F33216CA1770097D28C /* UIControl+Block.h */ = {isa = PBXFileReference; fileEncoding = 4; lastKnownFileType = sourcecode.c.h; path = "UIControl+Block.h"; sourceTree = "<group>"; };
		C0BA6F34216CA1780097D28C /* UIControl+Block.m */ = {isa = PBXFileReference; fileEncoding = 4; lastKnownFileType = sourcecode.c.objc; path = "UIControl+Block.m"; sourceTree = "<group>"; };
		C0BA6F35216CA1780097D28C /* UIBarButtonItem+Block.h */ = {isa = PBXFileReference; fileEncoding = 4; lastKnownFileType = sourcecode.c.h; path = "UIBarButtonItem+Block.h"; sourceTree = "<group>"; };
		C0BA6F3A216CA3110097D28C /* IMAccountModel.h */ = {isa = PBXFileReference; lastKnownFileType = sourcecode.c.h; path = IMAccountModel.h; sourceTree = "<group>"; };
		C0BA6F3B216CA3110097D28C /* IMAccountModel.m */ = {isa = PBXFileReference; lastKnownFileType = sourcecode.c.objc; path = IMAccountModel.m; sourceTree = "<group>"; };
		C0BA6F3E216CA5C00097D28C /* IMMQTTManager.h */ = {isa = PBXFileReference; lastKnownFileType = sourcecode.c.h; path = IMMQTTManager.h; sourceTree = "<group>"; };
		C0BA6F3F216CA5C00097D28C /* IMMQTTManager.m */ = {isa = PBXFileReference; lastKnownFileType = sourcecode.c.objc; path = IMMQTTManager.m; sourceTree = "<group>"; };
		C0BA6F41216CAAF20097D28C /* Project-Macro.h */ = {isa = PBXFileReference; lastKnownFileType = sourcecode.c.h; path = "Project-Macro.h"; sourceTree = "<group>"; };
		C0BA6F43216CAC7A0097D28C /* IMTools.h */ = {isa = PBXFileReference; lastKnownFileType = sourcecode.c.h; path = IMTools.h; sourceTree = "<group>"; };
		C0BA6F44216CAC7A0097D28C /* IMTools.m */ = {isa = PBXFileReference; lastKnownFileType = sourcecode.c.objc; path = IMTools.m; sourceTree = "<group>"; };
		C0BA6F46216DE04C0097D28C /* IMBaseManager.h */ = {isa = PBXFileReference; lastKnownFileType = sourcecode.c.h; path = IMBaseManager.h; sourceTree = "<group>"; };
		C0BA6F47216DE04C0097D28C /* IMBaseManager.m */ = {isa = PBXFileReference; lastKnownFileType = sourcecode.c.objc; path = IMBaseManager.m; sourceTree = "<group>"; };
		C0BA6F5C216DF0610097D28C /* IMConversationManager.h */ = {isa = PBXFileReference; lastKnownFileType = sourcecode.c.h; path = IMConversationManager.h; sourceTree = "<group>"; };
		C0BA6F5D216DF0610097D28C /* IMConversationManager.m */ = {isa = PBXFileReference; lastKnownFileType = sourcecode.c.objc; path = IMConversationManager.m; sourceTree = "<group>"; };
		C0BA6F5F216DF0700097D28C /* IMGroupManager.h */ = {isa = PBXFileReference; lastKnownFileType = sourcecode.c.h; path = IMGroupManager.h; sourceTree = "<group>"; };
		C0BA6F60216DF0700097D28C /* IMGroupManager.m */ = {isa = PBXFileReference; lastKnownFileType = sourcecode.c.objc; path = IMGroupManager.m; sourceTree = "<group>"; };
		C0BA6F62216DF0FE0097D28C /* IMChatManager.h */ = {isa = PBXFileReference; lastKnownFileType = sourcecode.c.h; path = IMChatManager.h; sourceTree = "<group>"; };
		C0BA6F63216DF0FE0097D28C /* IMChatManager.m */ = {isa = PBXFileReference; lastKnownFileType = sourcecode.c.objc; path = IMChatManager.m; sourceTree = "<group>"; };
		C0BA6F68216DF1210097D28C /* IMSourceManager.h */ = {isa = PBXFileReference; lastKnownFileType = sourcecode.c.h; path = IMSourceManager.h; sourceTree = "<group>"; };
		C0BA6F69216DF1210097D28C /* IMSourceManager.m */ = {isa = PBXFileReference; lastKnownFileType = sourcecode.c.objc; path = IMSourceManager.m; sourceTree = "<group>"; };
		C0BA6F6F216DF28E0097D28C /* IMUserModel.h */ = {isa = PBXFileReference; lastKnownFileType = sourcecode.c.h; path = IMUserModel.h; sourceTree = "<group>"; };
		C0BA6F70216DF28E0097D28C /* IMUserModel.m */ = {isa = PBXFileReference; lastKnownFileType = sourcecode.c.objc; path = IMUserModel.m; sourceTree = "<group>"; };
		C0BA6F72216DF69B0097D28C /* IMChatModel.h */ = {isa = PBXFileReference; lastKnownFileType = sourcecode.c.h; path = IMChatModel.h; sourceTree = "<group>"; };
		C0BA6F73216DF69B0097D28C /* IMChatModel.m */ = {isa = PBXFileReference; lastKnownFileType = sourcecode.c.objc; path = IMChatModel.m; sourceTree = "<group>"; };
		C0BA6F75216DF9A30097D28C /* IMChatContentModel.h */ = {isa = PBXFileReference; lastKnownFileType = sourcecode.c.h; path = IMChatContentModel.h; sourceTree = "<group>"; };
		C0BA6F76216DF9A30097D28C /* IMChatContentModel.m */ = {isa = PBXFileReference; lastKnownFileType = sourcecode.c.objc; path = IMChatContentModel.m; sourceTree = "<group>"; };
		C0BA6F78216DFFC30097D28C /* IMGroupModel.h */ = {isa = PBXFileReference; lastKnownFileType = sourcecode.c.h; path = IMGroupModel.h; sourceTree = "<group>"; };
		C0BA6F79216DFFC30097D28C /* IMGroupModel.m */ = {isa = PBXFileReference; lastKnownFileType = sourcecode.c.objc; path = IMGroupModel.m; sourceTree = "<group>"; };
		C0BA6F7D216F30920097D28C /* IMFMDBManager.h */ = {isa = PBXFileReference; lastKnownFileType = sourcecode.c.h; path = IMFMDBManager.h; sourceTree = "<group>"; };
		C0BA6F7E216F30920097D28C /* IMFMDBManager.m */ = {isa = PBXFileReference; lastKnownFileType = sourcecode.c.objc; path = IMFMDBManager.m; sourceTree = "<group>"; };
		C0E49388215CC8CF0089BABE /* MQTTChat.app */ = {isa = PBXFileReference; explicitFileType = wrapper.application; includeInIndex = 0; path = MQTTChat.app; sourceTree = BUILT_PRODUCTS_DIR; };
		C0E4938B215CC8CF0089BABE /* AppDelegate.h */ = {isa = PBXFileReference; lastKnownFileType = sourcecode.c.h; path = AppDelegate.h; sourceTree = "<group>"; };
		C0E4938C215CC8CF0089BABE /* AppDelegate.m */ = {isa = PBXFileReference; lastKnownFileType = sourcecode.c.objc; path = AppDelegate.m; sourceTree = "<group>"; };
		C0E49392215CC8CF0089BABE /* Base */ = {isa = PBXFileReference; lastKnownFileType = file.storyboard; name = Base; path = Base.lproj/Main.storyboard; sourceTree = "<group>"; };
		C0E49394215CC8D00089BABE /* Assets.xcassets */ = {isa = PBXFileReference; lastKnownFileType = folder.assetcatalog; path = Assets.xcassets; sourceTree = "<group>"; };
		C0E49397215CC8D00089BABE /* Base */ = {isa = PBXFileReference; lastKnownFileType = file.storyboard; name = Base; path = Base.lproj/LaunchScreen.storyboard; sourceTree = "<group>"; };
		C0E49399215CC8D00089BABE /* Info.plist */ = {isa = PBXFileReference; lastKnownFileType = text.plist.xml; path = Info.plist; sourceTree = "<group>"; };
		C0E4939A215CC8D00089BABE /* main.m */ = {isa = PBXFileReference; lastKnownFileType = sourcecode.c.objc; path = main.m; sourceTree = "<group>"; };
		C0E493D0215CCB360089BABE /* LCTabBarController.h */ = {isa = PBXFileReference; lastKnownFileType = sourcecode.c.h; path = LCTabBarController.h; sourceTree = "<group>"; };
		C0E493D1215CCB360089BABE /* LCTabBarController.m */ = {isa = PBXFileReference; lastKnownFileType = sourcecode.c.objc; path = LCTabBarController.m; sourceTree = "<group>"; };
		C0E493D3215CCB5A0089BABE /* LCNavigationController.h */ = {isa = PBXFileReference; lastKnownFileType = sourcecode.c.h; path = LCNavigationController.h; sourceTree = "<group>"; };
		C0E493D4215CCB5A0089BABE /* LCNavigationController.m */ = {isa = PBXFileReference; lastKnownFileType = sourcecode.c.objc; path = LCNavigationController.m; sourceTree = "<group>"; };
		C0E493D6215CCBE00089BABE /* IMChatListViewController.h */ = {isa = PBXFileReference; lastKnownFileType = sourcecode.c.h; path = IMChatListViewController.h; sourceTree = "<group>"; };
		C0E493D7215CCBE00089BABE /* IMChatListViewController.m */ = {isa = PBXFileReference; lastKnownFileType = sourcecode.c.objc; path = IMChatListViewController.m; sourceTree = "<group>"; };
		C0E493D9215CCD080089BABE /* prefix-Header.pch */ = {isa = PBXFileReference; lastKnownFileType = sourcecode.c.h; path = "prefix-Header.pch"; sourceTree = "<group>"; };
		C0E493DA215CCDCD0089BABE /* Macro.h */ = {isa = PBXFileReference; lastKnownFileType = sourcecode.c.h; path = Macro.h; sourceTree = "<group>"; };
		C0E493DC215CDEBE0089BABE /* LCTools.h */ = {isa = PBXFileReference; lastKnownFileType = sourcecode.c.h; path = LCTools.h; sourceTree = "<group>"; };
		C0E493E9215E0FC00089BABE /* IMContactsViewController.h */ = {isa = PBXFileReference; lastKnownFileType = sourcecode.c.h; path = IMContactsViewController.h; sourceTree = "<group>"; };
		C0E493EA215E0FC00089BABE /* IMContactsViewController.m */ = {isa = PBXFileReference; lastKnownFileType = sourcecode.c.objc; path = IMContactsViewController.m; sourceTree = "<group>"; };
		C0E493EC215E0FCD0089BABE /* IMDiscoverViewController.h */ = {isa = PBXFileReference; lastKnownFileType = sourcecode.c.h; path = IMDiscoverViewController.h; sourceTree = "<group>"; };
		C0E493ED215E0FCD0089BABE /* IMDiscoverViewController.m */ = {isa = PBXFileReference; lastKnownFileType = sourcecode.c.objc; path = IMDiscoverViewController.m; sourceTree = "<group>"; };
		C0E493EF215E0FD70089BABE /* IMMeViewController.h */ = {isa = PBXFileReference; lastKnownFileType = sourcecode.c.h; path = IMMeViewController.h; sourceTree = "<group>"; };
		C0E493F0215E0FD70089BABE /* IMMeViewController.m */ = {isa = PBXFileReference; lastKnownFileType = sourcecode.c.objc; path = IMMeViewController.m; sourceTree = "<group>"; };
		C0E493F2215E10990089BABE /* LCBaseViewController.h */ = {isa = PBXFileReference; lastKnownFileType = sourcecode.c.h; path = LCBaseViewController.h; sourceTree = "<group>"; };
		C0E493F3215E10990089BABE /* LCBaseViewController.m */ = {isa = PBXFileReference; lastKnownFileType = sourcecode.c.objc; path = LCBaseViewController.m; sourceTree = "<group>"; };
		C0E493F5215E11DC0089BABE /* UIView+LCLayout.h */ = {isa = PBXFileReference; fileEncoding = 4; lastKnownFileType = sourcecode.c.h; path = "UIView+LCLayout.h"; sourceTree = "<group>"; };
		C0E493F6215E11DC0089BABE /* UIView+LCLayout.m */ = {isa = PBXFileReference; fileEncoding = 4; lastKnownFileType = sourcecode.c.objc; path = "UIView+LCLayout.m"; sourceTree = "<group>"; };
		C0E493F9215E27700089BABE /* FMDBBase.h */ = {isa = PBXFileReference; lastKnownFileType = sourcecode.c.h; path = FMDBBase.h; sourceTree = "<group>"; };
		C0E493FA215E27700089BABE /* FMDBBase.m */ = {isa = PBXFileReference; lastKnownFileType = sourcecode.c.objc; path = FMDBBase.m; sourceTree = "<group>"; };
		C0E493FC215E28720089BABE /* NSString+LC.h */ = {isa = PBXFileReference; lastKnownFileType = sourcecode.c.h; path = "NSString+LC.h"; sourceTree = "<group>"; };
		C0E493FD215E28720089BABE /* NSString+LC.m */ = {isa = PBXFileReference; lastKnownFileType = sourcecode.c.objc; path = "NSString+LC.m"; sourceTree = "<group>"; };
		DD8B9B3DB83D269C9C0E6CFE /* libPods-MQTTChat.a */ = {isa = PBXFileReference; explicitFileType = archive.ar; includeInIndex = 0; path = "libPods-MQTTChat.a"; sourceTree = BUILT_PRODUCTS_DIR; };
		DDC3D25B76F0BCC74AC57544 /* Pods-MQTTChat.release.xcconfig */ = {isa = PBXFileReference; includeInIndex = 1; lastKnownFileType = text.xcconfig; name = "Pods-MQTTChat.release.xcconfig"; path = "Pods/Target Support Files/Pods-MQTTChat/Pods-MQTTChat.release.xcconfig"; sourceTree = "<group>"; };
		FC145E30A8A102E93F185AA5 /* Pods-MQTTChat.debug.xcconfig */ = {isa = PBXFileReference; includeInIndex = 1; lastKnownFileType = text.xcconfig; name = "Pods-MQTTChat.debug.xcconfig"; path = "Pods/Target Support Files/Pods-MQTTChat/Pods-MQTTChat.debug.xcconfig"; sourceTree = "<group>"; };
/* End PBXFileReference section */

/* Begin PBXFrameworksBuildPhase section */
		C0E49385215CC8CF0089BABE /* Frameworks */ = {
			isa = PBXFrameworksBuildPhase;
			buildActionMask = 2147483647;
			files = (
				03A56994F4374F5C229EEC15 /* libPods-MQTTChat.a in Frameworks */,
			);
			runOnlyForDeploymentPostprocessing = 0;
		};
/* End PBXFrameworksBuildPhase section */

/* Begin PBXGroup section */
		18253572217C81FE00816F93 /* 消息内容Model */ = {
			isa = PBXGroup;
			children = (
				C0BA6F75216DF9A30097D28C /* IMChatContentModel.h */,
				C0BA6F76216DF9A30097D28C /* IMChatContentModel.m */,
				C05D0241217D6BFE00876E54 /* IMThumbnailModel.h */,
				C05D0242217D6BFE00876E54 /* IMThumbnailModel.m */,
				18253573217C839100816F93 /* IMVoiceModel.h */,
				18253574217C839100816F93 /* IMVoiceModel.m */,
				18253576217D481400816F93 /* IMImageModel.h */,
				18253577217D481400816F93 /* IMImageModel.m */,
				C05D023E217D6BB400876E54 /* IMVideoModel.h */,
				C05D023F217D6BB400876E54 /* IMVideoModel.m */,
				C05D0244217D6ED400876E54 /* IMFileModel.h */,
				C05D0245217D6ED400876E54 /* IMFileModel.m */,
				C05D0247217D70BD00876E54 /* IMInlineImageModel.h */,
				C05D0248217D70BD00876E54 /* IMInlineImageModel.m */,
				C05D024A217D713400876E54 /* IMLocationModel.h */,
				C05D024B217D713400876E54 /* IMLocationModel.m */,
				C05D0250217D765100876E54 /* IMLiveModel.h */,
				C05D0251217D765100876E54 /* IMLiveModel.m */,
				C05D0262217DAEF600876E54 /* IMMediaModel.h */,
				C05D0263217DAEF600876E54 /* IMMediaModel.m */,
				C05D0270217DC02500876E54 /* IMAVModel.h */,
				C05D0271217DC02500876E54 /* IMAVModel.m */,
				C05D026D217DBF1D00876E54 /* IMTalkbackModel.h */,
				C05D026E217DBF1D00876E54 /* IMTalkbackModel.m */,
				C05D0265217DB37B00876E54 /* IMSIPModel.h */,
				C05D0266217DB37B00876E54 /* IMSIPModel.m */,
				C05D0268217DB39D00876E54 /* IMAgoraModel.h */,
				C05D0269217DB39E00876E54 /* IMAgoraModel.m */,
				C05D025F217DA68000876E54 /* IMNavigationModel.h */,
				C05D0260217DA68000876E54 /* IMNavigationModel.m */,
				C05D0273217DC22200876E54 /* IMDrawBoardModel.h */,
				C05D0274217DC22200876E54 /* IMDrawBoardModel.m */,
			);
			path = "消息内容Model";
			sourceTree = "<group>";
		};
		66CA445EAB6A65120F5ED824 /* Frameworks */ = {
			isa = PBXGroup;
			children = (
				DD8B9B3DB83D269C9C0E6CFE /* libPods-MQTTChat.a */,
			);
			name = Frameworks;
			sourceTree = "<group>";
		};
		C020A02A217F24B500497258 /* SIMSqlite */ = {
			isa = PBXGroup;
			children = (
				C020A02B217F24B500497258 /* ChatFMDBBase.h */,
				C020A02C217F24B500497258 /* ChatFileConfig.h */,
				C020A02D217F24B500497258 /* ChatFilesManager.m */,
				C020A02E217F24B500497258 /* ChatDBTool.h */,
				C020A02F217F24B500497258 /* ChatFMDBBase.m */,
				C020A030217F24B500497258 /* ChatFilesManager.h */,
				C020A031217F24B500497258 /* ChatDBTool.m */,
			);
			path = SIMSqlite;
			sourceTree = "<group>";
		};
		C0BA6F2B216C9F6A0097D28C /* Login */ = {
			isa = PBXGroup;
			children = (
				C0BA6F39216CA2FF0097D28C /* Model */,
				C0BA6F38216CA2E60097D28C /* ViewController */,
			);
			path = Login;
			sourceTree = "<group>";
		};
		C0BA6F38216CA2E60097D28C /* ViewController */ = {
			isa = PBXGroup;
			children = (
				C0BA6F26216C9CB50097D28C /* IMLoginViewController.h */,
				C0BA6F27216C9CB50097D28C /* IMLoginViewController.m */,
				C0BA6F28216C9CB50097D28C /* IMLoginViewController.xib */,
				C0BA6F2C216C9F9B0097D28C /* IMAccountViewController.h */,
				C0BA6F2D216C9F9B0097D28C /* IMAccountViewController.m */,
			);
			path = ViewController;
			sourceTree = "<group>";
		};
		C0BA6F39216CA2FF0097D28C /* Model */ = {
			isa = PBXGroup;
			children = (
				C0BA6F3A216CA3110097D28C /* IMAccountModel.h */,
				C0BA6F3B216CA3110097D28C /* IMAccountModel.m */,
			);
			path = Model;
			sourceTree = "<group>";
		};
		C0BA6F3D216CA5A00097D28C /* Manager */ = {
			isa = PBXGroup;
			children = (
				C0BA6F46216DE04C0097D28C /* IMBaseManager.h */,
				C0BA6F47216DE04C0097D28C /* IMBaseManager.m */,
				C05D02392179DEC400876E54 /* IMSDKManager.h */,
				C05D023A2179DEC400876E54 /* IMSDKManager.m */,
				C0BA6F3E216CA5C00097D28C /* IMMQTTManager.h */,
				C0BA6F3F216CA5C00097D28C /* IMMQTTManager.m */,
				C05D02362179DDAB00876E54 /* IMFriendManager.h */,
				C05D02372179DDAB00876E54 /* IMFriendManager.m */,
				C0BA6F5C216DF0610097D28C /* IMConversationManager.h */,
				C0BA6F5D216DF0610097D28C /* IMConversationManager.m */,
				C0BA6F5F216DF0700097D28C /* IMGroupManager.h */,
				C0BA6F60216DF0700097D28C /* IMGroupManager.m */,
				C0BA6F62216DF0FE0097D28C /* IMChatManager.h */,
				C0BA6F63216DF0FE0097D28C /* IMChatManager.m */,
				C020A01A217F1C7F00497258 /* IMNotificationManager.h */,
				C020A01B217F1C7F00497258 /* IMNotificationManager.m */,
				C0BA6F68216DF1210097D28C /* IMSourceManager.h */,
				C0BA6F69216DF1210097D28C /* IMSourceManager.m */,
			);
			path = Manager;
			sourceTree = "<group>";
		};
		C0BA6F42216CAC680097D28C /* IMTools */ = {
			isa = PBXGroup;
			children = (
				C0BA6F43216CAC7A0097D28C /* IMTools.h */,
				C0BA6F44216CAC7A0097D28C /* IMTools.m */,
			);
			path = IMTools;
			sourceTree = "<group>";
		};
		C0BA6F6B216DF2510097D28C /* IMModel */ = {
			isa = PBXGroup;
			children = (
				1825356B217C738F00816F93 /* IMModel.h */,
				1825356C217C738F00816F93 /* IMModel.m */,
				C0BA6F78216DFFC30097D28C /* IMGroupModel.h */,
				C0BA6F79216DFFC30097D28C /* IMGroupModel.m */,
				C0BA6F72216DF69B0097D28C /* IMChatModel.h */,
				C0BA6F73216DF69B0097D28C /* IMChatModel.m */,
				C0BA6F6F216DF28E0097D28C /* IMUserModel.h */,
				C0BA6F70216DF28E0097D28C /* IMUserModel.m */,
				C05D0253217D7FB700876E54 /* IMNotificationModel.h */,
				C05D0254217D7FB700876E54 /* IMNotificationModel.m */,
				C05D025C217D808700876E54 /* IMDirectiveModel.h */,
				C05D025D217D808700876E54 /* IMDirectiveModel.m */,
				18253572217C81FE00816F93 /* 消息内容Model */,
			);
			path = IMModel;
			sourceTree = "<group>";
		};
		C0E4937F215CC8CF0089BABE = {
			isa = PBXGroup;
			children = (
				C0E4938A215CC8CF0089BABE /* MQTTChat */,
				C0E49389215CC8CF0089BABE /* Products */,
				E3619BC31683BE45427EAF98 /* Pods */,
				66CA445EAB6A65120F5ED824 /* Frameworks */,
			);
			sourceTree = "<group>";
		};
		C0E49389215CC8CF0089BABE /* Products */ = {
			isa = PBXGroup;
			children = (
				C0E49388215CC8CF0089BABE /* MQTTChat.app */,
			);
			name = Products;
			sourceTree = "<group>";
		};
		C0E4938A215CC8CF0089BABE /* MQTTChat */ = {
			isa = PBXGroup;
			children = (
				C0E493C3215CCAB30089BABE /* Class */,
				C0E4938B215CC8CF0089BABE /* AppDelegate.h */,
				C0E4938C215CC8CF0089BABE /* AppDelegate.m */,
				C0E493D9215CCD080089BABE /* prefix-Header.pch */,
				C0BA6F41216CAAF20097D28C /* Project-Macro.h */,
				C0E49391215CC8CF0089BABE /* Main.storyboard */,
				C0E49394215CC8D00089BABE /* Assets.xcassets */,
				C0E49396215CC8D00089BABE /* LaunchScreen.storyboard */,
				C0E49399215CC8D00089BABE /* Info.plist */,
				C0E4939A215CC8D00089BABE /* main.m */,
			);
			path = MQTTChat;
			sourceTree = "<group>";
		};
		C0E493C3215CCAB30089BABE /* Class */ = {
			isa = PBXGroup;
			children = (
				C0E493C9215CCAB30089BABE /* Main */,
				C0E493C4215CCAB30089BABE /* Tools */,
				C0BA6F2B216C9F6A0097D28C /* Login */,
				C0E493C5215CCAB30089BABE /* Wechat */,
				C0E493DD215E0F920089BABE /* Contacts */,
				C0E493E1215E0F920089BABE /* Discover */,
				C0E493E5215E0F920089BABE /* Me */,
			);
			path = Class;
			sourceTree = "<group>";
		};
		C0E493C4215CCAB30089BABE /* Tools */ = {
			isa = PBXGroup;
			children = (
				C0BA6F6B216DF2510097D28C /* IMModel */,
				C0BA6F42216CAC680097D28C /* IMTools */,
				C0BA6F3D216CA5A00097D28C /* Manager */,
				C0E493F8215E27460089BABE /* FMDB */,
				C020A02A217F24B500497258 /* SIMSqlite */,
				C0E493DB215CDEA00089BABE /* LCTools */,
			);
			path = Tools;
			sourceTree = "<group>";
		};
		C0E493C5215CCAB30089BABE /* Wechat */ = {
			isa = PBXGroup;
			children = (
				C0E493C6215CCAB30089BABE /* Model */,
				C0E493C7215CCAB30089BABE /* View */,
				C0E493C8215CCAB30089BABE /* ViewController */,
			);
			path = Wechat;
			sourceTree = "<group>";
		};
		C0E493C6215CCAB30089BABE /* Model */ = {
			isa = PBXGroup;
			children = (
			);
			path = Model;
			sourceTree = "<group>";
		};
		C0E493C7215CCAB30089BABE /* View */ = {
			isa = PBXGroup;
			children = (
			);
			path = View;
			sourceTree = "<group>";
		};
		C0E493C8215CCAB30089BABE /* ViewController */ = {
			isa = PBXGroup;
			children = (
				C0E493D6215CCBE00089BABE /* IMChatListViewController.h */,
				C0E493D7215CCBE00089BABE /* IMChatListViewController.m */,
			);
			path = ViewController;
			sourceTree = "<group>";
		};
		C0E493C9215CCAB30089BABE /* Main */ = {
			isa = PBXGroup;
			children = (
				C05D02302179C89100876E54 /* IMPresentationController.h */,
				C05D02312179C89100876E54 /* IMPresentationController.m */,
				C0E493F2215E10990089BABE /* LCBaseViewController.h */,
				C0E493F3215E10990089BABE /* LCBaseViewController.m */,
				C0E493D0215CCB360089BABE /* LCTabBarController.h */,
				C0E493D1215CCB360089BABE /* LCTabBarController.m */,
				C0E493D3215CCB5A0089BABE /* LCNavigationController.h */,
				C0E493D4215CCB5A0089BABE /* LCNavigationController.m */,
			);
			path = Main;
			sourceTree = "<group>";
		};
		C0E493DB215CDEA00089BABE /* LCTools */ = {
			isa = PBXGroup;
			children = (
				C0E493DC215CDEBE0089BABE /* LCTools.h */,
				C0E493DA215CCDCD0089BABE /* Macro.h */,
				C05D02332179CF0A00876E54 /* LCMethod.h */,
				C05D02342179CF0A00876E54 /* LCMethod.m */,
				C0E493F5215E11DC0089BABE /* UIView+LCLayout.h */,
				C0E493F6215E11DC0089BABE /* UIView+LCLayout.m */,
				C0E493FC215E28720089BABE /* NSString+LC.h */,
				C0E493FD215E28720089BABE /* NSString+LC.m */,
				C0BA6F30216CA1510097D28C /* LCView.h */,
				C0BA6F2F216CA1510097D28C /* LCView.m */,
				C0BA6F35216CA1780097D28C /* UIBarButtonItem+Block.h */,
				C0BA6F32216CA1770097D28C /* UIBarButtonItem+Block.m */,
				C0BA6F33216CA1770097D28C /* UIControl+Block.h */,
				C0BA6F34216CA1780097D28C /* UIControl+Block.m */,
			);
			path = LCTools;
			sourceTree = "<group>";
		};
		C0E493DD215E0F920089BABE /* Contacts */ = {
			isa = PBXGroup;
			children = (
				C0E493DE215E0F920089BABE /* Model */,
				C0E493DF215E0F920089BABE /* View */,
				C0E493E0215E0F920089BABE /* ViewController */,
			);
			path = Contacts;
			sourceTree = "<group>";
		};
		C0E493DE215E0F920089BABE /* Model */ = {
			isa = PBXGroup;
			children = (
			);
			path = Model;
			sourceTree = "<group>";
		};
		C0E493DF215E0F920089BABE /* View */ = {
			isa = PBXGroup;
			children = (
			);
			path = View;
			sourceTree = "<group>";
		};
		C0E493E0215E0F920089BABE /* ViewController */ = {
			isa = PBXGroup;
			children = (
				C0E493E9215E0FC00089BABE /* IMContactsViewController.h */,
				C0E493EA215E0FC00089BABE /* IMContactsViewController.m */,
			);
			path = ViewController;
			sourceTree = "<group>";
		};
		C0E493E1215E0F920089BABE /* Discover */ = {
			isa = PBXGroup;
			children = (
				C0E493E2215E0F920089BABE /* Model */,
				C0E493E3215E0F920089BABE /* View */,
				C0E493E4215E0F920089BABE /* ViewController */,
			);
			path = Discover;
			sourceTree = "<group>";
		};
		C0E493E2215E0F920089BABE /* Model */ = {
			isa = PBXGroup;
			children = (
			);
			path = Model;
			sourceTree = "<group>";
		};
		C0E493E3215E0F920089BABE /* View */ = {
			isa = PBXGroup;
			children = (
			);
			path = View;
			sourceTree = "<group>";
		};
		C0E493E4215E0F920089BABE /* ViewController */ = {
			isa = PBXGroup;
			children = (
				C0E493EC215E0FCD0089BABE /* IMDiscoverViewController.h */,
				C0E493ED215E0FCD0089BABE /* IMDiscoverViewController.m */,
			);
			path = ViewController;
			sourceTree = "<group>";
		};
		C0E493E5215E0F920089BABE /* Me */ = {
			isa = PBXGroup;
			children = (
				C0E493E6215E0F920089BABE /* Model */,
				C0E493E7215E0F920089BABE /* View */,
				C0E493E8215E0F920089BABE /* ViewController */,
			);
			path = Me;
			sourceTree = "<group>";
		};
		C0E493E6215E0F920089BABE /* Model */ = {
			isa = PBXGroup;
			children = (
			);
			path = Model;
			sourceTree = "<group>";
		};
		C0E493E7215E0F920089BABE /* View */ = {
			isa = PBXGroup;
			children = (
			);
			path = View;
			sourceTree = "<group>";
		};
		C0E493E8215E0F920089BABE /* ViewController */ = {
			isa = PBXGroup;
			children = (
				C0E493EF215E0FD70089BABE /* IMMeViewController.h */,
				C0E493F0215E0FD70089BABE /* IMMeViewController.m */,
			);
			path = ViewController;
			sourceTree = "<group>";
		};
		C0E493F8215E27460089BABE /* FMDB */ = {
			isa = PBXGroup;
			children = (
				C0E493F9215E27700089BABE /* FMDBBase.h */,
				C0E493FA215E27700089BABE /* FMDBBase.m */,
				C0BA6F7D216F30920097D28C /* IMFMDBManager.h */,
				C0BA6F7E216F30920097D28C /* IMFMDBManager.m */,
			);
			path = FMDB;
			sourceTree = "<group>";
		};
		E3619BC31683BE45427EAF98 /* Pods */ = {
			isa = PBXGroup;
			children = (
				FC145E30A8A102E93F185AA5 /* Pods-MQTTChat.debug.xcconfig */,
				DDC3D25B76F0BCC74AC57544 /* Pods-MQTTChat.release.xcconfig */,
			);
			name = Pods;
			sourceTree = "<group>";
		};
/* End PBXGroup section */

/* Begin PBXNativeTarget section */
		C0E49387215CC8CF0089BABE /* MQTTChat */ = {
			isa = PBXNativeTarget;
			buildConfigurationList = C0E4939E215CC8D00089BABE /* Build configuration list for PBXNativeTarget "MQTTChat" */;
			buildPhases = (
				D33D5DA5464595B4F7FC5D79 /* [CP] Check Pods Manifest.lock */,
				C0E49384215CC8CF0089BABE /* Sources */,
				C0E49385215CC8CF0089BABE /* Frameworks */,
				C0E49386215CC8CF0089BABE /* Resources */,
				406E4841EE4CE66EC5741AB6 /* [CP] Embed Pods Frameworks */,
				AA30D35D009D34D00DE41285 /* [CP] Copy Pods Resources */,
			);
			buildRules = (
			);
			dependencies = (
			);
			name = MQTTChat;
			productName = MQTTChat;
			productReference = C0E49388215CC8CF0089BABE /* MQTTChat.app */;
			productType = "com.apple.product-type.application";
		};
/* End PBXNativeTarget section */

/* Begin PBXProject section */
		C0E49380215CC8CF0089BABE /* Project object */ = {
			isa = PBXProject;
			attributes = {
				CLASSPREFIX = IM;
				LastUpgradeCheck = 1000;
				ORGANIZATIONNAME = Rochang;
				TargetAttributes = {
					C0E49387215CC8CF0089BABE = {
						CreatedOnToolsVersion = 10.0;
					};
				};
			};
			buildConfigurationList = C0E49383215CC8CF0089BABE /* Build configuration list for PBXProject "MQTTChat" */;
			compatibilityVersion = "Xcode 9.3";
			developmentRegion = en;
			hasScannedForEncodings = 0;
			knownRegions = (
				en,
				Base,
			);
			mainGroup = C0E4937F215CC8CF0089BABE;
			productRefGroup = C0E49389215CC8CF0089BABE /* Products */;
			projectDirPath = "";
			projectRoot = "";
			targets = (
				C0E49387215CC8CF0089BABE /* MQTTChat */,
			);
		};
/* End PBXProject section */

/* Begin PBXResourcesBuildPhase section */
		C0E49386215CC8CF0089BABE /* Resources */ = {
			isa = PBXResourcesBuildPhase;
			buildActionMask = 2147483647;
			files = (
				C0E49398215CC8D00089BABE /* LaunchScreen.storyboard in Resources */,
				C0BA6F2A216C9CB50097D28C /* IMLoginViewController.xib in Resources */,
				C0E49395215CC8D00089BABE /* Assets.xcassets in Resources */,
				C0E49393215CC8CF0089BABE /* Main.storyboard in Resources */,
			);
			runOnlyForDeploymentPostprocessing = 0;
		};
/* End PBXResourcesBuildPhase section */

/* Begin PBXShellScriptBuildPhase section */
		406E4841EE4CE66EC5741AB6 /* [CP] Embed Pods Frameworks */ = {
			isa = PBXShellScriptBuildPhase;
			buildActionMask = 2147483647;
			files = (
			);
			inputPaths = (
			);
			name = "[CP] Embed Pods Frameworks";
			outputPaths = (
			);
			runOnlyForDeploymentPostprocessing = 0;
			shellPath = /bin/sh;
			shellScript = "\"${SRCROOT}/Pods/Target Support Files/Pods-MQTTChat/Pods-MQTTChat-frameworks.sh\"\n";
			showEnvVarsInLog = 0;
		};
		AA30D35D009D34D00DE41285 /* [CP] Copy Pods Resources */ = {
			isa = PBXShellScriptBuildPhase;
			buildActionMask = 2147483647;
			files = (
			);
			inputPaths = (
			);
			name = "[CP] Copy Pods Resources";
			outputPaths = (
			);
			runOnlyForDeploymentPostprocessing = 0;
			shellPath = /bin/sh;
			shellScript = "\"${SRCROOT}/Pods/Target Support Files/Pods-MQTTChat/Pods-MQTTChat-resources.sh\"\n";
			showEnvVarsInLog = 0;
		};
		D33D5DA5464595B4F7FC5D79 /* [CP] Check Pods Manifest.lock */ = {
			isa = PBXShellScriptBuildPhase;
			buildActionMask = 2147483647;
			files = (
			);
			inputPaths = (
				"${PODS_PODFILE_DIR_PATH}/Podfile.lock",
				"${PODS_ROOT}/Manifest.lock",
			);
			name = "[CP] Check Pods Manifest.lock";
			outputPaths = (
				"$(DERIVED_FILE_DIR)/Pods-MQTTChat-checkManifestLockResult.txt",
			);
			runOnlyForDeploymentPostprocessing = 0;
			shellPath = /bin/sh;
			shellScript = "diff \"${PODS_PODFILE_DIR_PATH}/Podfile.lock\" \"${PODS_ROOT}/Manifest.lock\" > /dev/null\nif [ $? != 0 ] ; then\n    # print error to STDERR\n    echo \"error: The sandbox is not in sync with the Podfile.lock. Run 'pod install' or update your CocoaPods installation.\" >&2\n    exit 1\nfi\n# This output is used by Xcode 'outputs' to avoid re-running this script phase.\necho \"SUCCESS\" > \"${SCRIPT_OUTPUT_FILE_0}\"\n";
			showEnvVarsInLog = 0;
		};
/* End PBXShellScriptBuildPhase section */

/* Begin PBXSourcesBuildPhase section */
		C0E49384215CC8CF0089BABE /* Sources */ = {
			isa = PBXSourcesBuildPhase;
			buildActionMask = 2147483647;
			files = (
				C0E493D2215CCB360089BABE /* LCTabBarController.m in Sources */,
				C0BA6F2E216C9F9B0097D28C /* IMAccountViewController.m in Sources */,
				C05D0275217DC22200876E54 /* IMDrawBoardModel.m in Sources */,
				C0BA6F71216DF28E0097D28C /* IMUserModel.m in Sources */,
				18253575217C839100816F93 /* IMVoiceModel.m in Sources */,
				C0E493EE215E0FCD0089BABE /* IMDiscoverViewController.m in Sources */,
				C0BA6F40216CA5C00097D28C /* IMMQTTManager.m in Sources */,
				C0E4939B215CC8D00089BABE /* main.m in Sources */,
				C05D0249217D70BD00876E54 /* IMInlineImageModel.m in Sources */,
				C0E493D5215CCB5A0089BABE /* LCNavigationController.m in Sources */,
				C0BA6F61216DF0700097D28C /* IMGroupManager.m in Sources */,
				C05D02382179DDAB00876E54 /* IMFriendManager.m in Sources */,
				C05D0255217D7FB700876E54 /* IMNotificationModel.m in Sources */,
				C020A033217F24B500497258 /* ChatFMDBBase.m in Sources */,
				C0BA6F7A216DFFC30097D28C /* IMGroupModel.m in Sources */,
				C0BA6F74216DF69B0097D28C /* IMChatModel.m in Sources */,
				C0E493D8215CCBE00089BABE /* IMChatListViewController.m in Sources */,
				C05D0243217D6BFE00876E54 /* IMThumbnailModel.m in Sources */,
				C0BA6F36216CA1780097D28C /* UIBarButtonItem+Block.m in Sources */,
				18253578217D481400816F93 /* IMImageModel.m in Sources */,
				C0E493F7215E11DC0089BABE /* UIView+LCLayout.m in Sources */,
				C05D0261217DA68000876E54 /* IMNavigationModel.m in Sources */,
				C0BA6F64216DF0FE0097D28C /* IMChatManager.m in Sources */,
				C0E493EB215E0FC00089BABE /* IMContactsViewController.m in Sources */,
				C0E493F4215E10990089BABE /* LCBaseViewController.m in Sources */,
				C05D0264217DAEF600876E54 /* IMMediaModel.m in Sources */,
				C05D0240217D6BB400876E54 /* IMVideoModel.m in Sources */,
				1825356D217C738F00816F93 /* IMModel.m in Sources */,
				C020A01C217F1C7F00497258 /* IMNotificationManager.m in Sources */,
				C05D0252217D765100876E54 /* IMLiveModel.m in Sources */,
				C0E4938D215CC8CF0089BABE /* AppDelegate.m in Sources */,
				C0BA6F37216CA1780097D28C /* UIControl+Block.m in Sources */,
				C05D024C217D713400876E54 /* IMLocationModel.m in Sources */,
				C0BA6F6A216DF1210097D28C /* IMSourceManager.m in Sources */,
				C0BA6F7F216F30920097D28C /* IMFMDBManager.m in Sources */,
				C020A034217F24B500497258 /* ChatDBTool.m in Sources */,
				C0BA6F3C216CA3110097D28C /* IMAccountModel.m in Sources */,
				C05D02352179CF0A00876E54 /* LCMethod.m in Sources */,
				C05D0272217DC02500876E54 /* IMAVModel.m in Sources */,
				C0E493FB215E27700089BABE /* FMDBBase.m in Sources */,
				C05D025E217D808700876E54 /* IMDirectiveModel.m in Sources */,
				C020A032217F24B500497258 /* ChatFilesManager.m in Sources */,
				C0BA6F45216CAC7A0097D28C /* IMTools.m in Sources */,
				C0E493FE215E28720089BABE /* NSString+LC.m in Sources */,
				C0BA6F48216DE04C0097D28C /* IMBaseManager.m in Sources */,
				C05D026A217DB39E00876E54 /* IMAgoraModel.m in Sources */,
				C0BA6F77216DF9A30097D28C /* IMChatContentModel.m in Sources */,
				C0BA6F29216C9CB50097D28C /* IMLoginViewController.m in Sources */,
				C0E493F1215E0FD70089BABE /* IMMeViewController.m in Sources */,
				C05D0267217DB37B00876E54 /* IMSIPModel.m in Sources */,
				C0BA6F5E216DF0610097D28C /* IMConversationManager.m in Sources */,
				C0BA6F31216CA1510097D28C /* LCView.m in Sources */,
				C05D023B2179DEC400876E54 /* IMSDKManager.m in Sources */,
				C05D02322179C89100876E54 /* IMPresentationController.m in Sources */,
				C05D026F217DBF1D00876E54 /* IMTalkbackModel.m in Sources */,
				C05D0246217D6ED400876E54 /* IMFileModel.m in Sources */,
			);
			runOnlyForDeploymentPostprocessing = 0;
		};
/* End PBXSourcesBuildPhase section */

/* Begin PBXVariantGroup section */
		C0E49391215CC8CF0089BABE /* Main.storyboard */ = {
			isa = PBXVariantGroup;
			children = (
				C0E49392215CC8CF0089BABE /* Base */,
			);
			name = Main.storyboard;
			sourceTree = "<group>";
		};
		C0E49396215CC8D00089BABE /* LaunchScreen.storyboard */ = {
			isa = PBXVariantGroup;
			children = (
				C0E49397215CC8D00089BABE /* Base */,
			);
			name = LaunchScreen.storyboard;
			sourceTree = "<group>";
		};
/* End PBXVariantGroup section */

/* Begin XCBuildConfiguration section */
		C0E4939C215CC8D00089BABE /* Debug */ = {
			isa = XCBuildConfiguration;
			buildSettings = {
				ALWAYS_SEARCH_USER_PATHS = NO;
				CLANG_ANALYZER_NONNULL = YES;
				CLANG_ANALYZER_NUMBER_OBJECT_CONVERSION = YES_AGGRESSIVE;
				CLANG_CXX_LANGUAGE_STANDARD = "gnu++14";
				CLANG_CXX_LIBRARY = "libc++";
				CLANG_ENABLE_MODULES = YES;
				CLANG_ENABLE_OBJC_ARC = YES;
				CLANG_ENABLE_OBJC_WEAK = YES;
				CLANG_WARN_BLOCK_CAPTURE_AUTORELEASING = YES;
				CLANG_WARN_BOOL_CONVERSION = YES;
				CLANG_WARN_COMMA = YES;
				CLANG_WARN_CONSTANT_CONVERSION = YES;
				CLANG_WARN_DEPRECATED_OBJC_IMPLEMENTATIONS = YES;
				CLANG_WARN_DIRECT_OBJC_ISA_USAGE = YES_ERROR;
				CLANG_WARN_DOCUMENTATION_COMMENTS = YES;
				CLANG_WARN_EMPTY_BODY = YES;
				CLANG_WARN_ENUM_CONVERSION = YES;
				CLANG_WARN_INFINITE_RECURSION = YES;
				CLANG_WARN_INT_CONVERSION = YES;
				CLANG_WARN_NON_LITERAL_NULL_CONVERSION = YES;
				CLANG_WARN_OBJC_IMPLICIT_RETAIN_SELF = YES;
				CLANG_WARN_OBJC_LITERAL_CONVERSION = YES;
				CLANG_WARN_OBJC_ROOT_CLASS = YES_ERROR;
				CLANG_WARN_RANGE_LOOP_ANALYSIS = YES;
				CLANG_WARN_STRICT_PROTOTYPES = YES;
				CLANG_WARN_SUSPICIOUS_MOVE = YES;
				CLANG_WARN_UNGUARDED_AVAILABILITY = YES_AGGRESSIVE;
				CLANG_WARN_UNREACHABLE_CODE = YES;
				CLANG_WARN__DUPLICATE_METHOD_MATCH = YES;
				CODE_SIGN_IDENTITY = "iPhone Developer";
				COPY_PHASE_STRIP = NO;
				DEBUG_INFORMATION_FORMAT = dwarf;
				ENABLE_STRICT_OBJC_MSGSEND = YES;
				ENABLE_TESTABILITY = YES;
				GCC_C_LANGUAGE_STANDARD = gnu11;
				GCC_DYNAMIC_NO_PIC = NO;
				GCC_NO_COMMON_BLOCKS = YES;
				GCC_OPTIMIZATION_LEVEL = 0;
				GCC_PREPROCESSOR_DEFINITIONS = (
					"DEBUG=1",
					"$(inherited)",
				);
				GCC_WARN_64_TO_32_BIT_CONVERSION = YES;
				GCC_WARN_ABOUT_RETURN_TYPE = YES_ERROR;
				GCC_WARN_UNDECLARED_SELECTOR = YES;
				GCC_WARN_UNINITIALIZED_AUTOS = YES_AGGRESSIVE;
				GCC_WARN_UNUSED_FUNCTION = YES;
				GCC_WARN_UNUSED_VARIABLE = YES;
				IPHONEOS_DEPLOYMENT_TARGET = 12.0;
				MTL_ENABLE_DEBUG_INFO = INCLUDE_SOURCE;
				MTL_FAST_MATH = YES;
				ONLY_ACTIVE_ARCH = YES;
				SDKROOT = iphoneos;
			};
			name = Debug;
		};
		C0E4939D215CC8D00089BABE /* Release */ = {
			isa = XCBuildConfiguration;
			buildSettings = {
				ALWAYS_SEARCH_USER_PATHS = NO;
				CLANG_ANALYZER_NONNULL = YES;
				CLANG_ANALYZER_NUMBER_OBJECT_CONVERSION = YES_AGGRESSIVE;
				CLANG_CXX_LANGUAGE_STANDARD = "gnu++14";
				CLANG_CXX_LIBRARY = "libc++";
				CLANG_ENABLE_MODULES = YES;
				CLANG_ENABLE_OBJC_ARC = YES;
				CLANG_ENABLE_OBJC_WEAK = YES;
				CLANG_WARN_BLOCK_CAPTURE_AUTORELEASING = YES;
				CLANG_WARN_BOOL_CONVERSION = YES;
				CLANG_WARN_COMMA = YES;
				CLANG_WARN_CONSTANT_CONVERSION = YES;
				CLANG_WARN_DEPRECATED_OBJC_IMPLEMENTATIONS = YES;
				CLANG_WARN_DIRECT_OBJC_ISA_USAGE = YES_ERROR;
				CLANG_WARN_DOCUMENTATION_COMMENTS = YES;
				CLANG_WARN_EMPTY_BODY = YES;
				CLANG_WARN_ENUM_CONVERSION = YES;
				CLANG_WARN_INFINITE_RECURSION = YES;
				CLANG_WARN_INT_CONVERSION = YES;
				CLANG_WARN_NON_LITERAL_NULL_CONVERSION = YES;
				CLANG_WARN_OBJC_IMPLICIT_RETAIN_SELF = YES;
				CLANG_WARN_OBJC_LITERAL_CONVERSION = YES;
				CLANG_WARN_OBJC_ROOT_CLASS = YES_ERROR;
				CLANG_WARN_RANGE_LOOP_ANALYSIS = YES;
				CLANG_WARN_STRICT_PROTOTYPES = YES;
				CLANG_WARN_SUSPICIOUS_MOVE = YES;
				CLANG_WARN_UNGUARDED_AVAILABILITY = YES_AGGRESSIVE;
				CLANG_WARN_UNREACHABLE_CODE = YES;
				CLANG_WARN__DUPLICATE_METHOD_MATCH = YES;
				CODE_SIGN_IDENTITY = "iPhone Developer";
				COPY_PHASE_STRIP = NO;
				DEBUG_INFORMATION_FORMAT = "dwarf-with-dsym";
				ENABLE_NS_ASSERTIONS = NO;
				ENABLE_STRICT_OBJC_MSGSEND = YES;
				GCC_C_LANGUAGE_STANDARD = gnu11;
				GCC_NO_COMMON_BLOCKS = YES;
				GCC_WARN_64_TO_32_BIT_CONVERSION = YES;
				GCC_WARN_ABOUT_RETURN_TYPE = YES_ERROR;
				GCC_WARN_UNDECLARED_SELECTOR = YES;
				GCC_WARN_UNINITIALIZED_AUTOS = YES_AGGRESSIVE;
				GCC_WARN_UNUSED_FUNCTION = YES;
				GCC_WARN_UNUSED_VARIABLE = YES;
				IPHONEOS_DEPLOYMENT_TARGET = 12.0;
				MTL_ENABLE_DEBUG_INFO = NO;
				MTL_FAST_MATH = YES;
				SDKROOT = iphoneos;
				VALIDATE_PRODUCT = YES;
			};
			name = Release;
		};
		C0E4939F215CC8D00089BABE /* Debug */ = {
			isa = XCBuildConfiguration;
			baseConfigurationReference = FC145E30A8A102E93F185AA5 /* Pods-MQTTChat.debug.xcconfig */;
			buildSettings = {
				ASSETCATALOG_COMPILER_APPICON_NAME = AppIcon;
				CODE_SIGN_STYLE = Automatic;
				GCC_PREFIX_HEADER = "$(SRCROOT)/MQTTChat/prefix-Header.pch";
				INFOPLIST_FILE = MQTTChat/Info.plist;
				IPHONEOS_DEPLOYMENT_TARGET = 9.0;
				LD_RUNPATH_SEARCH_PATHS = (
					"$(inherited)",
					"@executable_path/Frameworks",
				);
				PRODUCT_BUNDLE_IDENTIFIER = com.ETIDG.MQTTChat;
				PRODUCT_NAME = "$(TARGET_NAME)";
				TARGETED_DEVICE_FAMILY = "1,2";
			};
			name = Debug;
		};
		C0E493A0215CC8D00089BABE /* Release */ = {
			isa = XCBuildConfiguration;
			baseConfigurationReference = DDC3D25B76F0BCC74AC57544 /* Pods-MQTTChat.release.xcconfig */;
			buildSettings = {
				ASSETCATALOG_COMPILER_APPICON_NAME = AppIcon;
				CODE_SIGN_STYLE = Automatic;
				GCC_PREFIX_HEADER = "$(SRCROOT)/MQTTChat/prefix-Header.pch";
				INFOPLIST_FILE = MQTTChat/Info.plist;
				IPHONEOS_DEPLOYMENT_TARGET = 9.0;
				LD_RUNPATH_SEARCH_PATHS = (
					"$(inherited)",
					"@executable_path/Frameworks",
				);
				PRODUCT_BUNDLE_IDENTIFIER = com.ETIDG.MQTTChat;
				PRODUCT_NAME = "$(TARGET_NAME)";
				TARGETED_DEVICE_FAMILY = "1,2";
			};
			name = Release;
		};
/* End XCBuildConfiguration section */

/* Begin XCConfigurationList section */
		C0E49383215CC8CF0089BABE /* Build configuration list for PBXProject "MQTTChat" */ = {
			isa = XCConfigurationList;
			buildConfigurations = (
				C0E4939C215CC8D00089BABE /* Debug */,
				C0E4939D215CC8D00089BABE /* Release */,
			);
			defaultConfigurationIsVisible = 0;
			defaultConfigurationName = Release;
		};
		C0E4939E215CC8D00089BABE /* Build configuration list for PBXNativeTarget "MQTTChat" */ = {
			isa = XCConfigurationList;
			buildConfigurations = (
				C0E4939F215CC8D00089BABE /* Debug */,
				C0E493A0215CC8D00089BABE /* Release */,
			);
			defaultConfigurationIsVisible = 0;
			defaultConfigurationName = Release;
		};
/* End XCConfigurationList section */
	};
	rootObject = C0E49380215CC8CF0089BABE /* Project object */;
}
